
Microsoft Visual Studio Solution File, Format Version 12.00
# TcXaeShell Solution File, Format Version 11.00
VisualStudioVersion = 17.10.35827.194
MinimumVisualStudioVersion = 10.0.40219.1
Project("{B1E792BE-AA5F-4E3C-8C82-674BF9C0715B}") = "QC Testing Rig", "QC Testing Rig.tsproj", "{BA686555-7322-46AF-A00C-5FC622FB6D39}"
EndProject
Global
	GlobalSection(SolutionConfigurationPlatforms) = preSolution
		Debug|TwinCAT OS (ARMV7-A) = Debug|TwinCAT OS (ARMV7-A)
		Debug|TwinCAT OS (ARMV7-M) = Debug|TwinCAT OS (ARMV7-M)
		Debug|TwinCAT OS (ARMV8-A) = Debug|TwinCAT OS (ARMV8-A)
		Debug|TwinCAT OS (x64) = Debug|TwinCAT OS (x64)
		Debug|TwinCAT OS (x64-E) = Debug|TwinCAT OS (x64-E)
		Debug|TwinCAT RT (x64) = Debug|TwinCAT RT (x64)
		Debug|TwinCAT RT (x86) = Debug|TwinCAT RT (x86)
		Release|TwinCAT OS (ARMV7-A) = Release|TwinCAT OS (ARMV7-A)
		Release|TwinCAT OS (ARMV7-M) = Release|TwinCAT OS (ARMV7-M)
		Release|TwinCAT OS (ARMV8-A) = Release|TwinCAT OS (ARMV8-A)
		Release|TwinCAT OS (x64) = Release|TwinCAT OS (x64)
		Release|TwinCAT OS (x64-E) = Release|TwinCAT OS (x64-E)
		Release|TwinCAT RT (x64) = Release|TwinCAT RT (x64)
		Release|TwinCAT RT (x86) = Release|TwinCAT RT (x86)
	EndGlobalSection
	GlobalSection(ProjectConfigurationPlatforms) = postSolution
		{BA686555-7322-46AF-A00C-5FC622FB6D39}.Debug|TwinCAT OS (ARMV7-A).ActiveCfg = Debug|TwinCAT OS (ARMV7-A)
		{BA686555-7322-46AF-A00C-5FC622FB6D39}.Debug|TwinCAT OS (ARMV7-A).Build.0 = Debug|TwinCAT OS (ARMV7-A)
		{BA686555-7322-46AF-A00C-5FC622FB6D39}.Debug|TwinCAT OS (ARMV7-M).ActiveCfg = Debug|TwinCAT OS (ARMV7-M)
		{BA686555-7322-46AF-A00C-5FC622FB6D39}.Debug|TwinCAT OS (ARMV7-M).Build.0 = Debug|TwinCAT OS (ARMV7-M)
		{BA686555-7322-46AF-A00C-5FC622FB6D39}.Debug|TwinCAT OS (ARMV8-A).ActiveCfg = Debug|TwinCAT OS (ARMV8-A)
		{BA686555-7322-46AF-A00C-5FC622FB6D39}.Debug|TwinCAT OS (ARMV8-A).Build.0 = Debug|TwinCAT OS (ARMV8-A)
		{BA686555-7322-46AF-A00C-5FC622FB6D39}.Debug|TwinCAT OS (x64).ActiveCfg = Debug|TwinCAT OS (x64)
		{BA686555-7322-46AF-A00C-5FC622FB6D39}.Debug|TwinCAT OS (x64).Build.0 = Debug|TwinCAT OS (x64)
		{BA686555-7322-46AF-A00C-5FC622FB6D39}.Debug|TwinCAT OS (x64-E).ActiveCfg = Debug|TwinCAT OS (x64-E)
		{BA686555-7322-46AF-A00C-5FC622FB6D39}.Debug|TwinCAT OS (x64-E).Build.0 = Debug|TwinCAT OS (x64-E)
		{BA686555-7322-46AF-A00C-5FC622FB6D39}.Debug|TwinCAT RT (x64).ActiveCfg = Debug|TwinCAT RT (x64)
		{BA686555-7322-46AF-A00C-5FC622FB6D39}.Debug|TwinCAT RT (x64).Build.0 = Debug|TwinCAT RT (x64)
		{BA686555-7322-46AF-A00C-5FC622FB6D39}.Debug|TwinCAT RT (x86).ActiveCfg = Debug|TwinCAT RT (x86)
		{BA686555-7322-46AF-A00C-5FC622FB6D39}.Debug|TwinCAT RT (x86).Build.0 = Debug|TwinCAT RT (x86)
		{BA686555-7322-46AF-A00C-5FC622FB6D39}.Release|TwinCAT OS (ARMV7-A).ActiveCfg = Release|TwinCAT OS (ARMV7-A)
		{BA686555-7322-46AF-A00C-5FC622FB6D39}.Release|TwinCAT OS (ARMV7-A).Build.0 = Release|TwinCAT OS (ARMV7-A)
		{BA686555-7322-46AF-A00C-5FC622FB6D39}.Release|TwinCAT OS (ARMV7-M).ActiveCfg = Release|TwinCAT OS (ARMV7-M)
		{BA686555-7322-46AF-A00C-5FC622FB6D39}.Release|TwinCAT OS (ARMV7-M).Build.0 = Release|TwinCAT OS (ARMV7-M)
		{BA686555-7322-46AF-A00C-5FC622FB6D39}.Release|TwinCAT OS (ARMV8-A).ActiveCfg = Release|TwinCAT OS (ARMV8-A)
		{BA686555-7322-46AF-A00C-5FC622FB6D39}.Release|TwinCAT OS (ARMV8-A).Build.0 = Release|TwinCAT OS (ARMV8-A)
		{BA686555-7322-46AF-A00C-5FC622FB6D39}.Release|TwinCAT OS (x64).ActiveCfg = Release|TwinCAT OS (x64)
		{BA686555-7322-46AF-A00C-5FC622FB6D39}.Release|TwinCAT OS (x64).Build.0 = Release|TwinCAT OS (x64)
		{BA686555-7322-46AF-A00C-5FC622FB6D39}.Release|TwinCAT OS (x64-E).ActiveCfg = Release|TwinCAT OS (x64-E)
		{BA686555-7322-46AF-A00C-5FC622FB6D39}.Release|TwinCAT OS (x64-E).Build.0 = Release|TwinCAT OS (x64-E)
		{BA686555-7322-46AF-A00C-5FC622FB6D39}.Release|TwinCAT RT (x64).ActiveCfg = Release|TwinCAT RT (x64)
		{BA686555-7322-46AF-A00C-5FC622FB6D39}.Release|TwinCAT RT (x64).Build.0 = Release|TwinCAT RT (x64)
		{BA686555-7322-46AF-A00C-5FC622FB6D39}.Release|TwinCAT RT (x86).ActiveCfg = Release|TwinCAT RT (x86)
		{BA686555-7322-46AF-A00C-5FC622FB6D39}.Release|TwinCAT RT (x86).Build.0 = Release|TwinCAT RT (x86)
		{643BB7DC-3AB6-41A9-983E-A8C5F3393948}.Debug|TwinCAT OS (ARMV7-A).ActiveCfg = Debug|TwinCAT OS (ARMV7-A)
		{643BB7DC-3AB6-41A9-983E-A8C5F3393948}.Debug|TwinCAT OS (ARMV7-A).Build.0 = Debug|TwinCAT OS (ARMV7-A)
		{643BB7DC-3AB6-41A9-983E-A8C5F3393948}.Debug|TwinCAT OS (ARMV7-M).ActiveCfg = Debug|TwinCAT OS (ARMV7-M)
		{643BB7DC-3AB6-41A9-983E-A8C5F3393948}.Debug|TwinCAT OS (ARMV7-M).Build.0 = Debug|TwinCAT OS (ARMV7-M)
		{643BB7DC-3AB6-41A9-983E-A8C5F3393948}.Debug|TwinCAT OS (ARMV8-A).ActiveCfg = Debug|TwinCAT OS (ARMV8-A)
		{643BB7DC-3AB6-41A9-983E-A8C5F3393948}.Debug|TwinCAT OS (ARMV8-A).Build.0 = Debug|TwinCAT OS (ARMV8-A)
		{643BB7DC-3AB6-41A9-983E-A8C5F3393948}.Debug|TwinCAT OS (x64).ActiveCfg = Debug|TwinCAT OS (x64)
		{643BB7DC-3AB6-41A9-983E-A8C5F3393948}.Debug|TwinCAT OS (x64).Build.0 = Debug|TwinCAT OS (x64)
		{643BB7DC-3AB6-41A9-983E-A8C5F3393948}.Debug|TwinCAT OS (x64-E).ActiveCfg = Debug|TwinCAT OS (x64-E)
		{643BB7DC-3AB6-41A9-983E-A8C5F3393948}.Debug|TwinCAT OS (x64-E).Build.0 = Debug|TwinCAT OS (x64-E)
		{643BB7DC-3AB6-41A9-983E-A8C5F3393948}.Debug|TwinCAT RT (x64).ActiveCfg = Debug|TwinCAT RT (x64)
		{643BB7DC-3AB6-41A9-983E-A8C5F3393948}.Debug|TwinCAT RT (x64).Build.0 = Debug|TwinCAT RT (x64)
		{643BB7DC-3AB6-41A9-983E-A8C5F3393948}.Debug|TwinCAT RT (x86).ActiveCfg = Debug|TwinCAT RT (x86)
		{643BB7DC-3AB6-41A9-983E-A8C5F3393948}.Debug|TwinCAT RT (x86).Build.0 = Debug|TwinCAT RT (x86)
		{643BB7DC-3AB6-41A9-983E-A8C5F3393948}.Release|TwinCAT OS (ARMV7-A).ActiveCfg = Release|TwinCAT OS (ARMV7-A)
		{643BB7DC-3AB6-41A9-983E-A8C5F3393948}.Release|TwinCAT OS (ARMV7-A).Build.0 = Release|TwinCAT OS (ARMV7-A)
		{643BB7DC-3AB6-41A9-983E-A8C5F3393948}.Release|TwinCAT OS (ARMV7-M).ActiveCfg = Release|TwinCAT OS (ARMV7-M)
		{643BB7DC-3AB6-41A9-983E-A8C5F3393948}.Release|TwinCAT OS (ARMV7-M).Build.0 = Release|TwinCAT OS (ARMV7-M)
		{643BB7DC-3AB6-41A9-983E-A8C5F3393948}.Release|TwinCAT OS (ARMV8-A).ActiveCfg = Release|TwinCAT OS (ARMV8-A)
		{643BB7DC-3AB6-41A9-983E-A8C5F3393948}.Release|TwinCAT OS (ARMV8-A).Build.0 = Release|TwinCAT OS (ARMV8-A)
		{643BB7DC-3AB6-41A9-983E-A8C5F3393948}.Release|TwinCAT OS (x64).ActiveCfg = Release|TwinCAT OS (x64)
		{643BB7DC-3AB6-41A9-983E-A8C5F3393948}.Release|TwinCAT OS (x64).Build.0 = Release|TwinCAT OS (x64)
		{643BB7DC-3AB6-41A9-983E-A8C5F3393948}.Release|TwinCAT OS (x64-E).ActiveCfg = Release|TwinCAT OS (x64-E)
		{643BB7DC-3AB6-41A9-983E-A8C5F3393948}.Release|TwinCAT OS (x64-E).Build.0 = Release|TwinCAT OS (x64-E)
		{643BB7DC-3AB6-41A9-983E-A8C5F3393948}.Release|TwinCAT RT (x64).ActiveCfg = Release|TwinCAT RT (x64)
		{643BB7DC-3AB6-41A9-983E-A8C5F3393948}.Release|TwinCAT RT (x64).Build.0 = Release|TwinCAT RT (x64)
		{643BB7DC-3AB6-41A9-983E-A8C5F3393948}.Release|TwinCAT RT (x86).ActiveCfg = Release|TwinCAT RT (x86)
		{643BB7DC-3AB6-41A9-983E-A8C5F3393948}.Release|TwinCAT RT (x86).Build.0 = Release|TwinCAT RT (x86)
		{226B8398-ACE5-48C3-A74F-E6E5854AF439}.Debug|TwinCAT OS (ARMV7-A).ActiveCfg = Debug|TwinCAT OS (ARMV7-A)
		{226B8398-ACE5-48C3-A74F-E6E5854AF439}.Debug|TwinCAT OS (ARMV7-A).Build.0 = Debug|TwinCAT OS (ARMV7-A)
		{226B8398-ACE5-48C3-A74F-E6E5854AF439}.Debug|TwinCAT OS (ARMV7-M).ActiveCfg = Debug|TwinCAT OS (ARMV7-M)
		{226B8398-ACE5-48C3-A74F-E6E5854AF439}.Debug|TwinCAT OS (ARMV7-M).Build.0 = Debug|TwinCAT OS (ARMV7-M)
		{226B8398-ACE5-48C3-A74F-E6E5854AF439}.Debug|TwinCAT OS (ARMV8-A).ActiveCfg = Debug|TwinCAT OS (ARMV8-A)
		{226B8398-ACE5-48C3-A74F-E6E5854AF439}.Debug|TwinCAT OS (ARMV8-A).Build.0 = Debug|TwinCAT OS (ARMV8-A)
		{226B8398-ACE5-48C3-A74F-E6E5854AF439}.Debug|TwinCAT OS (x64).ActiveCfg = Debug|TwinCAT OS (x64)
		{226B8398-ACE5-48C3-A74F-E6E5854AF439}.Debug|TwinCAT OS (x64).Build.0 = Debug|TwinCAT OS (x64)
		{226B8398-ACE5-48C3-A74F-E6E5854AF439}.Debug|TwinCAT OS (x64-E).ActiveCfg = Debug|TwinCAT OS (x64-E)
		{226B8398-ACE5-48C3-A74F-E6E5854AF439}.Debug|TwinCAT OS (x64-E).Build.0 = Debug|TwinCAT OS (x64-E)
		{226B8398-ACE5-48C3-A74F-E6E5854AF439}.Debug|TwinCAT RT (x64).ActiveCfg = Debug|TwinCAT RT (x64)
		{226B8398-ACE5-48C3-A74F-E6E5854AF439}.Debug|TwinCAT RT (x64).Build.0 = Debug|TwinCAT RT (x64)
		{226B8398-ACE5-48C3-A74F-E6E5854AF439}.Debug|TwinCAT RT (x86).ActiveCfg = Debug|TwinCAT RT (x86)
		{226B8398-ACE5-48C3-A74F-E6E5854AF439}.Debug|TwinCAT RT (x86).Build.0 = Debug|TwinCAT RT (x86)
		{226B8398-ACE5-48C3-A74F-E6E5854AF439}.Release|TwinCAT OS (ARMV7-A).ActiveCfg = Release|TwinCAT OS (ARMV7-A)
		{226B8398-ACE5-48C3-A74F-E6E5854AF439}.Release|TwinCAT OS (ARMV7-A).Build.0 = Release|TwinCAT OS (ARMV7-A)
		{226B8398-ACE5-48C3-A74F-E6E5854AF439}.Release|TwinCAT OS (ARMV7-M).ActiveCfg = Release|TwinCAT OS (ARMV7-M)
		{226B8398-ACE5-48C3-A74F-E6E5854AF439}.Release|TwinCAT OS (ARMV7-M).Build.0 = Release|TwinCAT OS (ARMV7-M)
		{226B8398-ACE5-48C3-A74F-E6E5854AF439}.Release|TwinCAT OS (ARMV8-A).ActiveCfg = Release|TwinCAT OS (ARMV8-A)
		{226B8398-ACE5-48C3-A74F-E6E5854AF439}.Release|TwinCAT OS (ARMV8-A).Build.0 = Release|TwinCAT OS (ARMV8-A)
		{226B8398-ACE5-48C3-A74F-E6E5854AF439}.Release|TwinCAT OS (x64).ActiveCfg = Release|TwinCAT OS (x64)
		{226B8398-ACE5-48C3-A74F-E6E5854AF439}.Release|TwinCAT OS (x64).Build.0 = Release|TwinCAT OS (x64)
		{226B8398-ACE5-48C3-A74F-E6E5854AF439}.Release|TwinCAT OS (x64-E).ActiveCfg = Release|TwinCAT OS (x64-E)
		{226B8398-ACE5-48C3-A74F-E6E5854AF439}.Release|TwinCAT OS (x64-E).Build.0 = Release|TwinCAT OS (x64-E)
		{226B8398-ACE5-48C3-A74F-E6E5854AF439}.Release|TwinCAT RT (x64).ActiveCfg = Release|TwinCAT RT (x64)
		{226B8398-ACE5-48C3-A74F-E6E5854AF439}.Release|TwinCAT RT (x64).Build.0 = Release|TwinCAT RT (x64)
		{226B8398-ACE5-48C3-A74F-E6E5854AF439}.Release|TwinCAT RT (x86).ActiveCfg = Release|TwinCAT RT (x86)
		{226B8398-ACE5-48C3-A74F-E6E5854AF439}.Release|TwinCAT RT (x86).Build.0 = Release|TwinCAT RT (x86)
	EndGlobalSection
	GlobalSection(SolutionProperties) = preSolution
		HideSolutionNode = FALSE
	EndGlobalSection
	GlobalSection(ExtensibilityGlobals) = postSolution
		SolutionGuid = {96D341F1-4C0C-4E21-A355-7215ECE57CED}
	EndGlobalSection
EndGlobal
